
Microsoft Visual Studio Solution File, Format Version 12.00
# Visual Studio Version 16
VisualStudioVersion = 16.0.31205.134
MinimumVisualStudioVersion = 10.0.40219.1
Project("{FAE04EC0-301F-11D3-BF4B-00C04F79EFBC}") = "SecurePasswords", "SecurePasswords.csproj", "{6FA79EB1-0A72-4F93-B874-ED1139A3D7DE}"
EndProject
Project("{FAE04EC0-301F-11D3-BF4B-00C04F79EFBC}") = "SecurePasswordsDataAccess", "..\SecurePasswordsDataAccess\SecurePasswordsDataAccess.csproj", "{5F735287-2288-4039-BCA4-6E2A223679B1}"
EndProject
Project("{FAE04EC0-301F-11D3-BF4B-00C04F79EFBC}") = "SecurePasswordLogic", "..\SecurePasswordLogic\SecurePasswordLogic.csproj", "{9F51E48E-270C-45A2-AE56-3FE1DAEFF974}"
EndProject
Global
	GlobalSection(SolutionConfigurationPlatforms) = preSolution
		Debug|Any CPU = Debug|Any CPU
		Release|Any CPU = Release|Any CPU
	EndGlobalSection
	GlobalSection(ProjectConfigurationPlatforms) = postSolution
		{6FA79EB1-0A72-4F93-B874-ED1139A3D7DE}.Debug|Any CPU.ActiveCfg = Debug|Any CPU
		{6FA79EB1-0A72-4F93-B874-ED1139A3D7DE}.Debug|Any CPU.Build.0 = Debug|Any CPU
		{6FA79EB1-0A72-4F93-B874-ED1139A3D7DE}.Release|Any CPU.ActiveCfg = Release|Any CPU
		{6FA79EB1-0A72-4F93-B874-ED1139A3D7DE}.Release|Any CPU.Build.0 = Release|Any CPU
		{5F735287-2288-4039-BCA4-6E2A223679B1}.Debug|Any CPU.ActiveCfg = Debug|Any CPU
		{5F735287-2288-4039-BCA4-6E2A223679B1}.Debug|Any CPU.Build.0 = Debug|Any CPU
		{5F735287-2288-4039-BCA4-6E2A223679B1}.Release|Any CPU.ActiveCfg = Release|Any CPU
		{5F735287-2288-4039-BCA4-6E2A223679B1}.Release|Any CPU.Build.0 = Release|Any CPU
		{9F51E48E-270C-45A2-AE56-3FE1DAEFF974}.Debug|Any CPU.ActiveCfg = Debug|Any CPU
		{9F51E48E-270C-45A2-AE56-3FE1DAEFF974}.Debug|Any CPU.Build.0 = Debug|Any CPU
		{9F51E48E-270C-45A2-AE56-3FE1DAEFF974}.Release|Any CPU.ActiveCfg = Release|Any CPU
		{9F51E48E-270C-45A2-AE56-3FE1DAEFF974}.Release|Any CPU.Build.0 = Release|Any CPU
	EndGlobalSection
	GlobalSection(SolutionProperties) = preSolution
		HideSolutionNode = FALSE
	EndGlobalSection
	GlobalSection(ExtensibilityGlobals) = postSolution
		SolutionGuid = {261487C5-61EF-496F-A27A-B60A0B2AA165}
	EndGlobalSection
EndGlobal
